
Microsoft Visual Studio Solution File, Format Version 12.00
# Visual Studio Version 17
VisualStudioVersion = 17.7.34003.232
MinimumVisualStudioVersion = 10.0.40219.1
Project("{9A19103F-16F7-4668-BE54-9A1E7A4F7556}") = "Bussiness_layer", "IO_Operations\Bussiness_layer.csproj", "{6123B0FD-4B69-40DB-94BC-AD3B1782BD6A}"
EndProject
Project("{9A19103F-16F7-4668-BE54-9A1E7A4F7556}") = "Presentation_layer", "OutputProject\Presentation_layer.csproj", "{4561908D-4043-4E99-825C-A8AE4C3309B1}"
EndProject
Project("{FAE04EC0-301F-11D3-BF4B-00C04F79EFBC}") = "Data_layer", "Data_layer\Data_layer.csproj", "{6200E898-F957-415A-A536-7CA73E102282}"
EndProject
Global
	GlobalSection(SolutionConfigurationPlatforms) = preSolution
		Debug|Any CPU = Debug|Any CPU
		Release|Any CPU = Release|Any CPU
	EndGlobalSection
	GlobalSection(ProjectConfigurationPlatforms) = postSolution
		{6123B0FD-4B69-40DB-94BC-AD3B1782BD6A}.Debug|Any CPU.ActiveCfg = Debug|Any CPU
		{6123B0FD-4B69-40DB-94BC-AD3B1782BD6A}.Debug|Any CPU.Build.0 = Debug|Any CPU
		{6123B0FD-4B69-40DB-94BC-AD3B1782BD6A}.Release|Any CPU.ActiveCfg = Release|Any CPU
		{6123B0FD-4B69-40DB-94BC-AD3B1782BD6A}.Release|Any CPU.Build.0 = Release|Any CPU
		{4561908D-4043-4E99-825C-A8AE4C3309B1}.Debug|Any CPU.ActiveCfg = Debug|Any CPU
		{4561908D-4043-4E99-825C-A8AE4C3309B1}.Debug|Any CPU.Build.0 = Debug|Any CPU
		{4561908D-4043-4E99-825C-A8AE4C3309B1}.Release|Any CPU.ActiveCfg = Release|Any CPU
		{4561908D-4043-4E99-825C-A8AE4C3309B1}.Release|Any CPU.Build.0 = Release|Any CPU
		{6200E898-F957-415A-A536-7CA73E102282}.Debug|Any CPU.ActiveCfg = Debug|Any CPU
		{6200E898-F957-415A-A536-7CA73E102282}.Debug|Any CPU.Build.0 = Debug|Any CPU
		{6200E898-F957-415A-A536-7CA73E102282}.Release|Any CPU.ActiveCfg = Release|Any CPU
		{6200E898-F957-415A-A536-7CA73E102282}.Release|Any CPU.Build.0 = Release|Any CPU
	EndGlobalSection
	GlobalSection(SolutionProperties) = preSolution
		HideSolutionNode = FALSE
	EndGlobalSection
	GlobalSection(ExtensibilityGlobals) = postSolution
		SolutionGuid = {BE71ABDB-6D9E-44AA-89F8-F99490DB39A3}
	EndGlobalSection
EndGlobal
